// !$*UTF8*$!
{
	archiveVersion = 1;
	classes = {
	};
	objectVersion = 50;
	objects = {

/* Begin PBXBuildFile section */
		4C0811805D5F40E15556C620 /* Pods_OpenTube.framework in Frameworks */ = {isa = PBXBuildFile; fileRef = 0D97B58016499E6A5750F81E /* Pods_OpenTube.framework */; };
		923F854E20B9B19F00741242 /* LicenseViewController.swift in Sources */ = {isa = PBXBuildFile; fileRef = 923F854D20B9B19F00741242 /* LicenseViewController.swift */; };
		923F855020B9BA6E00741242 /* README.md in Resources */ = {isa = PBXBuildFile; fileRef = 923F854F20B9BA6E00741242 /* README.md */; };
		923F855320B9C3AE00741242 /* Settings.storyboard in Resources */ = {isa = PBXBuildFile; fileRef = 923F855220B9C3AE00741242 /* Settings.storyboard */; };
		923F855520B9C40600741242 /* AppSettingsViewController.swift in Sources */ = {isa = PBXBuildFile; fileRef = 923F855420B9C40600741242 /* AppSettingsViewController.swift */; };
		923F855720B9C45B00741242 /* Settings.swift in Sources */ = {isa = PBXBuildFile; fileRef = 923F855620B9C45B00741242 /* Settings.swift */; };
		923F855A20B9E14B00741242 /* HiddenViewController.swift in Sources */ = {isa = PBXBuildFile; fileRef = 923F855920B9E14B00741242 /* HiddenViewController.swift */; };
		9244C45220B5028500CB3213 /* AddChannelViewController.swift in Sources */ = {isa = PBXBuildFile; fileRef = 9244C45120B5028500CB3213 /* AddChannelViewController.swift */; };
		9244C45420B5082600CB3213 /* AddChannel.storyboard in Resources */ = {isa = PBXBuildFile; fileRef = 9244C45320B5082600CB3213 /* AddChannel.storyboard */; };
		9244C45620B509F900CB3213 /* AddChannelScrapeWebViewController.swift in Sources */ = {isa = PBXBuildFile; fileRef = 9244C45520B509F900CB3213 /* AddChannelScrapeWebViewController.swift */; };
		9244C45820B515CC00CB3213 /* SubscribedChannel.swift in Sources */ = {isa = PBXBuildFile; fileRef = 9244C45720B515CC00CB3213 /* SubscribedChannel.swift */; };
		9244C45A20B5B07C00CB3213 /* SubscribtionListViewController.swift in Sources */ = {isa = PBXBuildFile; fileRef = 9244C45920B5B07C00CB3213 /* SubscribtionListViewController.swift */; };
		9244C45E20B5D44C00CB3213 /* VideoEntryList.swift in Sources */ = {isa = PBXBuildFile; fileRef = 9244C45D20B5D44C00CB3213 /* VideoEntryList.swift */; };
		924F03AF20B75E3F008A670F /* DownloadButtonNode.swift in Sources */ = {isa = PBXBuildFile; fileRef = 924F03AE20B75E3F008A670F /* DownloadButtonNode.swift */; };
		926A420A20B4C646005D9CC6 /* EntryObject.swift in Sources */ = {isa = PBXBuildFile; fileRef = 926A420920B4C646005D9CC6 /* EntryObject.swift */; };
		926A420C20B4C6BB005D9CC6 /* AuthorObject.swift in Sources */ = {isa = PBXBuildFile; fileRef = 926A420B20B4C6BB005D9CC6 /* AuthorObject.swift */; };
		926A420E20B4CCEF005D9CC6 /* MenuViewController.swift in Sources */ = {isa = PBXBuildFile; fileRef = 926A420D20B4CCEF005D9CC6 /* MenuViewController.swift */; };
		927B146720BA223A00582C67 /* ShareActionIcon.png in Resources */ = {isa = PBXBuildFile; fileRef = 927B146620BA223A00582C67 /* ShareActionIcon.png */; };
		92903BAB20B8828C003F9093 /* TextNode.swift in Sources */ = {isa = PBXBuildFile; fileRef = 92903BAA20B8828C003F9093 /* TextNode.swift */; };
		92903BAD20B882F3003F9093 /* UIColor+Additions.swift in Sources */ = {isa = PBXBuildFile; fileRef = 92903BAC20B882F3003F9093 /* UIColor+Additions.swift */; };
		92DA8CA120B7B27B00BE7801 /* String+Additions.swift in Sources */ = {isa = PBXBuildFile; fileRef = 92DA8CA020B7B27B00BE7801 /* String+Additions.swift */; };
		92DA8CA320B7B79600BE7801 /* UIViewController+Additions.swift in Sources */ = {isa = PBXBuildFile; fileRef = 92DA8CA220B7B79600BE7801 /* UIViewController+Additions.swift */; };
		92DA8CA520B856B600BE7801 /* VideoListViewController+GestureActions.swift in Sources */ = {isa = PBXBuildFile; fileRef = 92DA8CA420B856B600BE7801 /* VideoListViewController+GestureActions.swift */; };
		92DA8CA720B858CB00BE7801 /* DownloadCellNode.swift in Sources */ = {isa = PBXBuildFile; fileRef = 92DA8CA620B858CB00BE7801 /* DownloadCellNode.swift */; };
		92EFFF5D20B5EE4C007E890D /* XCDYouTubeVideo+Additions.swift in Sources */ = {isa = PBXBuildFile; fileRef = 92EFFF5C20B5EE4C007E890D /* XCDYouTubeVideo+Additions.swift */; };
		92EFFF5F20B5EE7E007E890D /* VideoQuality.swift in Sources */ = {isa = PBXBuildFile; fileRef = 92EFFF5E20B5EE7E007E890D /* VideoQuality.swift */; };
		92EFFF6120B5EF52007E890D /* Notifications.swift in Sources */ = {isa = PBXBuildFile; fileRef = 92EFFF6020B5EF52007E890D /* Notifications.swift */; };
		92EFFF6720B61215007E890D /* DownloadedEntry.swift in Sources */ = {isa = PBXBuildFile; fileRef = 92EFFF6620B61215007E890D /* DownloadedEntry.swift */; };
		92EFFF6920B61DB8007E890D /* DownloadManager.swift in Sources */ = {isa = PBXBuildFile; fileRef = 92EFFF6820B61DB8007E890D /* DownloadManager.swift */; };
		92EFFF6C20B65C26007E890D /* DownloadListViewController.swift in Sources */ = {isa = PBXBuildFile; fileRef = 92EFFF6B20B65C26007E890D /* DownloadListViewController.swift */; };
		92F697C220B45EF5008CF757 /* AppDelegate.swift in Sources */ = {isa = PBXBuildFile; fileRef = 92F697C120B45EF5008CF757 /* AppDelegate.swift */; };
		92F697C420B45EF5008CF757 /* VideoListViewController.swift in Sources */ = {isa = PBXBuildFile; fileRef = 92F697C320B45EF5008CF757 /* VideoListViewController.swift */; };
		92F697C920B45EF6008CF757 /* Assets.xcassets in Resources */ = {isa = PBXBuildFile; fileRef = 92F697C820B45EF6008CF757 /* Assets.xcassets */; };
		92F697CC20B45EF6008CF757 /* LaunchScreen.storyboard in Resources */ = {isa = PBXBuildFile; fileRef = 92F697CA20B45EF6008CF757 /* LaunchScreen.storyboard */; };
		92F697D420B49C09008CF757 /* Network.swift in Sources */ = {isa = PBXBuildFile; fileRef = 92F697D320B49C09008CF757 /* Network.swift */; };
		92F697D620B49E58008CF757 /* VideoEntry.swift in Sources */ = {isa = PBXBuildFile; fileRef = 92F697D520B49E58008CF757 /* VideoEntry.swift */; };
		92F697D820B49F80008CF757 /* ChannelAuthor.swift in Sources */ = {isa = PBXBuildFile; fileRef = 92F697D720B49F80008CF757 /* ChannelAuthor.swift */; };
		92F697DA20B4A6FC008CF757 /* EntryCellNode.swift in Sources */ = {isa = PBXBuildFile; fileRef = 92F697D920B4A6FC008CF757 /* EntryCellNode.swift */; };
/* End PBXBuildFile section */

/* Begin PBXFileReference section */
		0D16BA2AE470EFE284108D7A /* Pods-OpenTube.release.xcconfig */ = {isa = PBXFileReference; includeInIndex = 1; lastKnownFileType = text.xcconfig; name = "Pods-OpenTube.release.xcconfig"; path = "Pods/Target Support Files/Pods-OpenTube/Pods-OpenTube.release.xcconfig"; sourceTree = "<group>"; };
		0D97B58016499E6A5750F81E /* Pods_OpenTube.framework */ = {isa = PBXFileReference; explicitFileType = wrapper.framework; includeInIndex = 0; path = Pods_OpenTube.framework; sourceTree = BUILT_PRODUCTS_DIR; };
		4D7E9F70B99AD4D6809FE3CD /* Pods-OpenTube.debug.xcconfig */ = {isa = PBXFileReference; includeInIndex = 1; lastKnownFileType = text.xcconfig; name = "Pods-OpenTube.debug.xcconfig"; path = "Pods/Target Support Files/Pods-OpenTube/Pods-OpenTube.debug.xcconfig"; sourceTree = "<group>"; };
		923F854D20B9B19F00741242 /* LicenseViewController.swift */ = {isa = PBXFileReference; lastKnownFileType = sourcecode.swift; path = LicenseViewController.swift; sourceTree = "<group>"; };
		923F854F20B9BA6E00741242 /* README.md */ = {isa = PBXFileReference; fileEncoding = 4; lastKnownFileType = net.daringfireball.markdown; path = README.md; sourceTree = "<group>"; };
		923F855220B9C3AE00741242 /* Settings.storyboard */ = {isa = PBXFileReference; lastKnownFileType = file.storyboard; path = Settings.storyboard; sourceTree = "<group>"; };
		923F855420B9C40600741242 /* AppSettingsViewController.swift */ = {isa = PBXFileReference; indentWidth = 2; lastKnownFileType = sourcecode.swift; path = AppSettingsViewController.swift; sourceTree = "<group>"; tabWidth = 2; };
		923F855620B9C45B00741242 /* Settings.swift */ = {isa = PBXFileReference; lastKnownFileType = sourcecode.swift; path = Settings.swift; sourceTree = "<group>"; };
		923F855920B9E14B00741242 /* HiddenViewController.swift */ = {isa = PBXFileReference; lastKnownFileType = sourcecode.swift; path = HiddenViewController.swift; sourceTree = "<group>"; };
		923F856620BA162C00741242 /* BaseConfig.xcconfig */ = {isa = PBXFileReference; lastKnownFileType = text.xcconfig; path = BaseConfig.xcconfig; sourceTree = "<group>"; };
		9244C45120B5028500CB3213 /* AddChannelViewController.swift */ = {isa = PBXFileReference; indentWidth = 2; lastKnownFileType = sourcecode.swift; path = AddChannelViewController.swift; sourceTree = "<group>"; tabWidth = 2; };
		9244C45320B5082600CB3213 /* AddChannel.storyboard */ = {isa = PBXFileReference; lastKnownFileType = file.storyboard; path = AddChannel.storyboard; sourceTree = "<group>"; };
		9244C45520B509F900CB3213 /* AddChannelScrapeWebViewController.swift */ = {isa = PBXFileReference; indentWidth = 2; lastKnownFileType = sourcecode.swift; path = AddChannelScrapeWebViewController.swift; sourceTree = "<group>"; tabWidth = 2; };
		9244C45720B515CC00CB3213 /* SubscribedChannel.swift */ = {isa = PBXFileReference; indentWidth = 2; lastKnownFileType = sourcecode.swift; lineEnding = 0; path = SubscribedChannel.swift; sourceTree = "<group>"; tabWidth = 2; };
		9244C45920B5B07C00CB3213 /* SubscribtionListViewController.swift */ = {isa = PBXFileReference; indentWidth = 2; lastKnownFileType = sourcecode.swift; path = SubscribtionListViewController.swift; sourceTree = "<group>"; tabWidth = 2; };
		9244C45D20B5D44C00CB3213 /* VideoEntryList.swift */ = {isa = PBXFileReference; indentWidth = 2; lastKnownFileType = sourcecode.swift; path = VideoEntryList.swift; sourceTree = "<group>"; tabWidth = 2; };
		924F03AE20B75E3F008A670F /* DownloadButtonNode.swift */ = {isa = PBXFileReference; lastKnownFileType = sourcecode.swift; path = DownloadButtonNode.swift; sourceTree = "<group>"; };
		926A420920B4C646005D9CC6 /* EntryObject.swift */ = {isa = PBXFileReference; indentWidth = 2; lastKnownFileType = sourcecode.swift; path = EntryObject.swift; sourceTree = "<group>"; tabWidth = 2; };
		926A420B20B4C6BB005D9CC6 /* AuthorObject.swift */ = {isa = PBXFileReference; indentWidth = 2; lastKnownFileType = sourcecode.swift; path = AuthorObject.swift; sourceTree = "<group>"; tabWidth = 2; };
		926A420D20B4CCEF005D9CC6 /* MenuViewController.swift */ = {isa = PBXFileReference; indentWidth = 2; lastKnownFileType = sourcecode.swift; path = MenuViewController.swift; sourceTree = "<group>"; tabWidth = 2; };
		927B146620BA223A00582C67 /* ShareActionIcon.png */ = {isa = PBXFileReference; lastKnownFileType = image.png; path = ShareActionIcon.png; sourceTree = "<group>"; };
		92903BAA20B8828C003F9093 /* TextNode.swift */ = {isa = PBXFileReference; lastKnownFileType = sourcecode.swift; path = TextNode.swift; sourceTree = "<group>"; };
		92903BAC20B882F3003F9093 /* UIColor+Additions.swift */ = {isa = PBXFileReference; lastKnownFileType = sourcecode.swift; path = "UIColor+Additions.swift"; sourceTree = "<group>"; };
		92DA8CA020B7B27B00BE7801 /* String+Additions.swift */ = {isa = PBXFileReference; lastKnownFileType = sourcecode.swift; path = "String+Additions.swift"; sourceTree = "<group>"; };
		92DA8CA220B7B79600BE7801 /* UIViewController+Additions.swift */ = {isa = PBXFileReference; lastKnownFileType = sourcecode.swift; path = "UIViewController+Additions.swift"; sourceTree = "<group>"; };
		92DA8CA420B856B600BE7801 /* VideoListViewController+GestureActions.swift */ = {isa = PBXFileReference; lastKnownFileType = sourcecode.swift; path = "VideoListViewController+GestureActions.swift"; sourceTree = "<group>"; };
		92DA8CA620B858CB00BE7801 /* DownloadCellNode.swift */ = {isa = PBXFileReference; lastKnownFileType = sourcecode.swift; path = DownloadCellNode.swift; sourceTree = "<group>"; };
		92EFFF5C20B5EE4C007E890D /* XCDYouTubeVideo+Additions.swift */ = {isa = PBXFileReference; indentWidth = 2; lastKnownFileType = sourcecode.swift; path = "XCDYouTubeVideo+Additions.swift"; sourceTree = "<group>"; tabWidth = 2; };
		92EFFF5E20B5EE7E007E890D /* VideoQuality.swift */ = {isa = PBXFileReference; lastKnownFileType = sourcecode.swift; path = VideoQuality.swift; sourceTree = "<group>"; };
		92EFFF6020B5EF52007E890D /* Notifications.swift */ = {isa = PBXFileReference; lastKnownFileType = sourcecode.swift; path = Notifications.swift; sourceTree = "<group>"; };
		92EFFF6620B61215007E890D /* DownloadedEntry.swift */ = {isa = PBXFileReference; lastKnownFileType = sourcecode.swift; path = DownloadedEntry.swift; sourceTree = "<group>"; };
		92EFFF6820B61DB8007E890D /* DownloadManager.swift */ = {isa = PBXFileReference; indentWidth = 2; lastKnownFileType = sourcecode.swift; path = DownloadManager.swift; sourceTree = "<group>"; tabWidth = 2; };
		92EFFF6B20B65C26007E890D /* DownloadListViewController.swift */ = {isa = PBXFileReference; lastKnownFileType = sourcecode.swift; path = DownloadListViewController.swift; sourceTree = "<group>"; };
		92F697BE20B45EF5008CF757 /* OpenTube.app */ = {isa = PBXFileReference; explicitFileType = wrapper.application; includeInIndex = 0; path = OpenTube.app; sourceTree = BUILT_PRODUCTS_DIR; };
		92F697C120B45EF5008CF757 /* AppDelegate.swift */ = {isa = PBXFileReference; indentWidth = 2; lastKnownFileType = sourcecode.swift; path = AppDelegate.swift; sourceTree = "<group>"; tabWidth = 2; };
		92F697C320B45EF5008CF757 /* VideoListViewController.swift */ = {isa = PBXFileReference; indentWidth = 2; lastKnownFileType = sourcecode.swift; path = VideoListViewController.swift; sourceTree = "<group>"; tabWidth = 2; };
		92F697C820B45EF6008CF757 /* Assets.xcassets */ = {isa = PBXFileReference; lastKnownFileType = folder.assetcatalog; path = Assets.xcassets; sourceTree = "<group>"; };
		92F697CB20B45EF6008CF757 /* Base */ = {isa = PBXFileReference; lastKnownFileType = file.storyboard; name = Base; path = Base.lproj/LaunchScreen.storyboard; sourceTree = "<group>"; };
		92F697CD20B45EF6008CF757 /* Info.plist */ = {isa = PBXFileReference; lastKnownFileType = text.plist.xml; path = Info.plist; sourceTree = "<group>"; };
		92F697D320B49C09008CF757 /* Network.swift */ = {isa = PBXFileReference; indentWidth = 2; lastKnownFileType = sourcecode.swift; path = Network.swift; sourceTree = "<group>"; tabWidth = 2; };
		92F697D520B49E58008CF757 /* VideoEntry.swift */ = {isa = PBXFileReference; indentWidth = 2; lastKnownFileType = sourcecode.swift; path = VideoEntry.swift; sourceTree = "<group>"; tabWidth = 2; };
		92F697D720B49F80008CF757 /* ChannelAuthor.swift */ = {isa = PBXFileReference; indentWidth = 2; lastKnownFileType = sourcecode.swift; path = ChannelAuthor.swift; sourceTree = "<group>"; tabWidth = 2; };
		92F697D920B4A6FC008CF757 /* EntryCellNode.swift */ = {isa = PBXFileReference; indentWidth = 2; lastKnownFileType = sourcecode.swift; path = EntryCellNode.swift; sourceTree = "<group>"; tabWidth = 2; };
/* End PBXFileReference section */

/* Begin PBXFrameworksBuildPhase section */
		92F697BB20B45EF5008CF757 /* Frameworks */ = {
			isa = PBXFrameworksBuildPhase;
			buildActionMask = 2147483647;
			files = (
				4C0811805D5F40E15556C620 /* Pods_OpenTube.framework in Frameworks */,
			);
			runOnlyForDeploymentPostprocessing = 0;
		};
/* End PBXFrameworksBuildPhase section */

/* Begin PBXGroup section */
		5FED47128475FD93566B3F31 /* Frameworks */ = {
			isa = PBXGroup;
			children = (
				0D97B58016499E6A5750F81E /* Pods_OpenTube.framework */,
			);
			name = Frameworks;
			sourceTree = "<group>";
		};
		923F854C20B9B17400741242 /* License */ = {
			isa = PBXGroup;
			children = (
				923F854D20B9B19F00741242 /* LicenseViewController.swift */,
			);
			path = License;
			sourceTree = "<group>";
		};
		923F855120B9C39000741242 /* Settings */ = {
			isa = PBXGroup;
			children = (
				923F855220B9C3AE00741242 /* Settings.storyboard */,
				923F855420B9C40600741242 /* AppSettingsViewController.swift */,
			);
			path = Settings;
			sourceTree = "<group>";
		};
		923F855820B9E13900741242 /* Hidden */ = {
			isa = PBXGroup;
			children = (
				923F855920B9E14B00741242 /* HiddenViewController.swift */,
			);
			path = Hidden;
			sourceTree = "<group>";
		};
		923F856420BA14FD00741242 /* Config */ = {
			isa = PBXGroup;
			children = (
				923F856620BA162C00741242 /* BaseConfig.xcconfig */,
			);
			path = Config;
			sourceTree = "<group>";
		};
		9244C45B20B5D12A00CB3213 /* Models */ = {
			isa = PBXGroup;
			children = (
				92F697D720B49F80008CF757 /* ChannelAuthor.swift */,
				92F697D520B49E58008CF757 /* VideoEntry.swift */,
			);
			path = Models;
			sourceTree = "<group>";
		};
		9244C45C20B5D43000CB3213 /* HelperObjects */ = {
			isa = PBXGroup;
			children = (
				9244C45D20B5D44C00CB3213 /* VideoEntryList.swift */,
				92EFFF6820B61DB8007E890D /* DownloadManager.swift */,
			);
			path = HelperObjects;
			sourceTree = "<group>";
		};
		924F03AD20B75E2C008A670F /* CustomViews */ = {
			isa = PBXGroup;
			children = (
				924F03AE20B75E3F008A670F /* DownloadButtonNode.swift */,
				92903BAA20B8828C003F9093 /* TextNode.swift */,
			);
			path = CustomViews;
			sourceTree = "<group>";
		};
		926A420820B4C60A005D9CC6 /* PersistedObjects */ = {
			isa = PBXGroup;
			children = (
				926A420920B4C646005D9CC6 /* EntryObject.swift */,
				926A420B20B4C6BB005D9CC6 /* AuthorObject.swift */,
				9244C45720B515CC00CB3213 /* SubscribedChannel.swift */,
				92EFFF6620B61215007E890D /* DownloadedEntry.swift */,
			);
			path = PersistedObjects;
			sourceTree = "<group>";
		};
		92EA339F20B4BFC000D78FC2 /* UX */ = {
			isa = PBXGroup;
			children = (
				924F03AD20B75E2C008A670F /* CustomViews */,
				92EFFF6320B5F4F9007E890D /* SideMenu */,
				92EFFF6220B5F4E8007E890D /* VideoList */,
			);
			path = UX;
			sourceTree = "<group>";
		};
		92EA33A020B4BFC500D78FC2 /* Application */ = {
			isa = PBXGroup;
			children = (
				927B146620BA223A00582C67 /* ShareActionIcon.png */,
				923F856420BA14FD00741242 /* Config */,
				92F697C120B45EF5008CF757 /* AppDelegate.swift */,
				92F697C820B45EF6008CF757 /* Assets.xcassets */,
				92F697CA20B45EF6008CF757 /* LaunchScreen.storyboard */,
				92F697CD20B45EF6008CF757 /* Info.plist */,
			);
			path = Application;
			sourceTree = "<group>";
		};
		92EA33A120B4C00600D78FC2 /* API */ = {
			isa = PBXGroup;
			children = (
				9244C45B20B5D12A00CB3213 /* Models */,
				92F697D320B49C09008CF757 /* Network.swift */,
				92EFFF5E20B5EE7E007E890D /* VideoQuality.swift */,
				92EFFF6020B5EF52007E890D /* Notifications.swift */,
				923F855620B9C45B00741242 /* Settings.swift */,
			);
			path = API;
			sourceTree = "<group>";
		};
		92EFFF5B20B5EE37007E890D /* Utilities */ = {
			isa = PBXGroup;
			children = (
				92EFFF5C20B5EE4C007E890D /* XCDYouTubeVideo+Additions.swift */,
				92DA8CA020B7B27B00BE7801 /* String+Additions.swift */,
				92DA8CA220B7B79600BE7801 /* UIViewController+Additions.swift */,
				92903BAC20B882F3003F9093 /* UIColor+Additions.swift */,
			);
			path = Utilities;
			sourceTree = "<group>";
		};
		92EFFF6220B5F4E8007E890D /* VideoList */ = {
			isa = PBXGroup;
			children = (
				92F697C320B45EF5008CF757 /* VideoListViewController.swift */,
				92DA8CA420B856B600BE7801 /* VideoListViewController+GestureActions.swift */,
				92F697D920B4A6FC008CF757 /* EntryCellNode.swift */,
			);
			path = VideoList;
			sourceTree = "<group>";
		};
		92EFFF6320B5F4F9007E890D /* SideMenu */ = {
			isa = PBXGroup;
			children = (
				926A420D20B4CCEF005D9CC6 /* MenuViewController.swift */,
				92EFFF6520B5F58B007E890D /* AddChannel */,
				92EFFF6A20B6590D007E890D /* Downloads */,
				923F855820B9E13900741242 /* Hidden */,
				923F854C20B9B17400741242 /* License */,
				923F855120B9C39000741242 /* Settings */,
				92EFFF6420B5F57E007E890D /* SubscriptionList */,
			);
			path = SideMenu;
			sourceTree = "<group>";
		};
		92EFFF6420B5F57E007E890D /* SubscriptionList */ = {
			isa = PBXGroup;
			children = (
				9244C45920B5B07C00CB3213 /* SubscribtionListViewController.swift */,
			);
			path = SubscriptionList;
			sourceTree = "<group>";
		};
		92EFFF6520B5F58B007E890D /* AddChannel */ = {
			isa = PBXGroup;
			children = (
				9244C45120B5028500CB3213 /* AddChannelViewController.swift */,
				9244C45520B509F900CB3213 /* AddChannelScrapeWebViewController.swift */,
				9244C45320B5082600CB3213 /* AddChannel.storyboard */,
			);
			path = AddChannel;
			sourceTree = "<group>";
		};
		92EFFF6A20B6590D007E890D /* Downloads */ = {
			isa = PBXGroup;
			children = (
				92EFFF6B20B65C26007E890D /* DownloadListViewController.swift */,
				92DA8CA620B858CB00BE7801 /* DownloadCellNode.swift */,
			);
			path = Downloads;
			sourceTree = "<group>";
		};
		92F697B520B45EF5008CF757 = {
			isa = PBXGroup;
			children = (
				923F854F20B9BA6E00741242 /* README.md */,
				92F697C020B45EF5008CF757 /* OpenTube */,
				92F697BF20B45EF5008CF757 /* Products */,
				AC596F26CD97D18FE42A363D /* Pods */,
				5FED47128475FD93566B3F31 /* Frameworks */,
			);
			indentWidth = 2;
			sourceTree = "<group>";
			tabWidth = 2;
		};
		92F697BF20B45EF5008CF757 /* Products */ = {
			isa = PBXGroup;
			children = (
				92F697BE20B45EF5008CF757 /* OpenTube.app */,
			);
			name = Products;
			sourceTree = "<group>";
		};
		92F697C020B45EF5008CF757 /* OpenTube */ = {
			isa = PBXGroup;
			children = (
				92EFFF5B20B5EE37007E890D /* Utilities */,
				9244C45C20B5D43000CB3213 /* HelperObjects */,
				926A420820B4C60A005D9CC6 /* PersistedObjects */,
				92EA33A120B4C00600D78FC2 /* API */,
				92EA33A020B4BFC500D78FC2 /* Application */,
				92EA339F20B4BFC000D78FC2 /* UX */,
			);
			path = OpenTube;
			sourceTree = "<group>";
		};
		AC596F26CD97D18FE42A363D /* Pods */ = {
			isa = PBXGroup;
			children = (
				4D7E9F70B99AD4D6809FE3CD /* Pods-OpenTube.debug.xcconfig */,
				0D16BA2AE470EFE284108D7A /* Pods-OpenTube.release.xcconfig */,
			);
			name = Pods;
			sourceTree = "<group>";
		};
/* End PBXGroup section */

/* Begin PBXNativeTarget section */
		92F697BD20B45EF5008CF757 /* OpenTube */ = {
			isa = PBXNativeTarget;
			buildConfigurationList = 92F697D020B45EF6008CF757 /* Build configuration list for PBXNativeTarget "OpenTube" */;
			buildPhases = (
				2E09EF024108C286E87C2BA7 /* [CP] Check Pods Manifest.lock */,
				92F697BA20B45EF5008CF757 /* Sources */,
				92F697BB20B45EF5008CF757 /* Frameworks */,
				92F697BC20B45EF5008CF757 /* Resources */,
				3AE5FDB64DAAA5E1E0609745 /* [CP] Embed Pods Frameworks */,
			);
			buildRules = (
			);
			dependencies = (
			);
			name = OpenTube;
			productName = OpenTube;
			productReference = 92F697BE20B45EF5008CF757 /* OpenTube.app */;
			productType = "com.apple.product-type.application";
		};
/* End PBXNativeTarget section */

/* Begin PBXProject section */
		92F697B620B45EF5008CF757 /* Project object */ = {
			isa = PBXProject;
			attributes = {
				LastSwiftUpdateCheck = 0930;
				LastUpgradeCheck = 0930;
				ORGANIZATIONNAME = OpenSource;
				TargetAttributes = {
					92F697BD20B45EF5008CF757 = {
						CreatedOnToolsVersion = 9.3.1;
						SystemCapabilities = {
							com.apple.BackgroundModes = {
								enabled = 1;
							};
						};
					};
				};
			};
			buildConfigurationList = 92F697B920B45EF5008CF757 /* Build configuration list for PBXProject "OpenTube" */;
			compatibilityVersion = "Xcode 9.3";
			developmentRegion = en;
			hasScannedForEncodings = 0;
			knownRegions = (
				en,
				Base,
			);
			mainGroup = 92F697B520B45EF5008CF757;
			productRefGroup = 92F697BF20B45EF5008CF757 /* Products */;
			projectDirPath = "";
			projectRoot = "";
			targets = (
				92F697BD20B45EF5008CF757 /* OpenTube */,
			);
		};
/* End PBXProject section */

/* Begin PBXResourcesBuildPhase section */
		92F697BC20B45EF5008CF757 /* Resources */ = {
			isa = PBXResourcesBuildPhase;
			buildActionMask = 2147483647;
			files = (
				9244C45420B5082600CB3213 /* AddChannel.storyboard in Resources */,
				92F697CC20B45EF6008CF757 /* LaunchScreen.storyboard in Resources */,
				923F855020B9BA6E00741242 /* README.md in Resources */,
				923F855320B9C3AE00741242 /* Settings.storyboard in Resources */,
				92F697C920B45EF6008CF757 /* Assets.xcassets in Resources */,
				927B146720BA223A00582C67 /* ShareActionIcon.png in Resources */,
			);
			runOnlyForDeploymentPostprocessing = 0;
		};
/* End PBXResourcesBuildPhase section */

/* Begin PBXShellScriptBuildPhase section */
		2E09EF024108C286E87C2BA7 /* [CP] Check Pods Manifest.lock */ = {
			isa = PBXShellScriptBuildPhase;
			buildActionMask = 2147483647;
			files = (
			);
			inputPaths = (
				"${PODS_PODFILE_DIR_PATH}/Podfile.lock",
				"${PODS_ROOT}/Manifest.lock",
			);
			name = "[CP] Check Pods Manifest.lock";
			outputPaths = (
				"$(DERIVED_FILE_DIR)/Pods-OpenTube-checkManifestLockResult.txt",
			);
			runOnlyForDeploymentPostprocessing = 0;
			shellPath = /bin/sh;
			shellScript = "diff \"${PODS_PODFILE_DIR_PATH}/Podfile.lock\" \"${PODS_ROOT}/Manifest.lock\" > /dev/null\nif [ $? != 0 ] ; then\n    # print error to STDERR\n    echo \"error: The sandbox is not in sync with the Podfile.lock. Run 'pod install' or update your CocoaPods installation.\" >&2\n    exit 1\nfi\n# This output is used by Xcode 'outputs' to avoid re-running this script phase.\necho \"SUCCESS\" > \"${SCRIPT_OUTPUT_FILE_0}\"\n";
			showEnvVarsInLog = 0;
		};
		3AE5FDB64DAAA5E1E0609745 /* [CP] Embed Pods Frameworks */ = {
			isa = PBXShellScriptBuildPhase;
			buildActionMask = 2147483647;
			files = (
			);
			inputPaths = (
				"${SRCROOT}/Pods/Target Support Files/Pods-OpenTube/Pods-OpenTube-frameworks.sh",
				"${BUILT_PRODUCTS_DIR}/Alamofire/Alamofire.framework",
				"${BUILT_PRODUCTS_DIR}/FFCircularProgressView/FFCircularProgressView.framework",
				"${BUILT_PRODUCTS_DIR}/PINCache/PINCache.framework",
				"${BUILT_PRODUCTS_DIR}/PINOperation/PINOperation.framework",
				"${BUILT_PRODUCTS_DIR}/PINRemoteImage/PINRemoteImage.framework",
				"${BUILT_PRODUCTS_DIR}/PromiseKit/PromiseKit.framework",
				"${BUILT_PRODUCTS_DIR}/Realm/Realm.framework",
				"${BUILT_PRODUCTS_DIR}/RealmSwift/RealmSwift.framework",
				"${BUILT_PRODUCTS_DIR}/SideMenu/SideMenu.framework",
				"${BUILT_PRODUCTS_DIR}/SwiftyXML/SwiftyXML.framework",
				"${BUILT_PRODUCTS_DIR}/Texture/AsyncDisplayKit.framework",
				"${BUILT_PRODUCTS_DIR}/XCDYouTubeKit/XCDYouTubeKit.framework",
			);
			name = "[CP] Embed Pods Frameworks";
			outputPaths = (
				"${TARGET_BUILD_DIR}/${FRAMEWORKS_FOLDER_PATH}/Alamofire.framework",
				"${TARGET_BUILD_DIR}/${FRAMEWORKS_FOLDER_PATH}/FFCircularProgressView.framework",
				"${TARGET_BUILD_DIR}/${FRAMEWORKS_FOLDER_PATH}/PINCache.framework",
				"${TARGET_BUILD_DIR}/${FRAMEWORKS_FOLDER_PATH}/PINOperation.framework",
				"${TARGET_BUILD_DIR}/${FRAMEWORKS_FOLDER_PATH}/PINRemoteImage.framework",
				"${TARGET_BUILD_DIR}/${FRAMEWORKS_FOLDER_PATH}/PromiseKit.framework",
				"${TARGET_BUILD_DIR}/${FRAMEWORKS_FOLDER_PATH}/Realm.framework",
				"${TARGET_BUILD_DIR}/${FRAMEWORKS_FOLDER_PATH}/RealmSwift.framework",
				"${TARGET_BUILD_DIR}/${FRAMEWORKS_FOLDER_PATH}/SideMenu.framework",
				"${TARGET_BUILD_DIR}/${FRAMEWORKS_FOLDER_PATH}/SwiftyXML.framework",
				"${TARGET_BUILD_DIR}/${FRAMEWORKS_FOLDER_PATH}/AsyncDisplayKit.framework",
				"${TARGET_BUILD_DIR}/${FRAMEWORKS_FOLDER_PATH}/XCDYouTubeKit.framework",
			);
			runOnlyForDeploymentPostprocessing = 0;
			shellPath = /bin/sh;
			shellScript = "\"${SRCROOT}/Pods/Target Support Files/Pods-OpenTube/Pods-OpenTube-frameworks.sh\"\n";
			showEnvVarsInLog = 0;
		};
/* End PBXShellScriptBuildPhase section */

/* Begin PBXSourcesBuildPhase section */
		92F697BA20B45EF5008CF757 /* Sources */ = {
			isa = PBXSourcesBuildPhase;
			buildActionMask = 2147483647;
			files = (
				92EFFF5D20B5EE4C007E890D /* XCDYouTubeVideo+Additions.swift in Sources */,
				9244C45220B5028500CB3213 /* AddChannelViewController.swift in Sources */,
				92F697DA20B4A6FC008CF757 /* EntryCellNode.swift in Sources */,
				92EFFF6920B61DB8007E890D /* DownloadManager.swift in Sources */,
				924F03AF20B75E3F008A670F /* DownloadButtonNode.swift in Sources */,
				92EFFF6720B61215007E890D /* DownloadedEntry.swift in Sources */,
				9244C45620B509F900CB3213 /* AddChannelScrapeWebViewController.swift in Sources */,
				923F855A20B9E14B00741242 /* HiddenViewController.swift in Sources */,
				92F697D620B49E58008CF757 /* VideoEntry.swift in Sources */,
				923F855520B9C40600741242 /* AppSettingsViewController.swift in Sources */,
				92F697D820B49F80008CF757 /* ChannelAuthor.swift in Sources */,
				92F697C420B45EF5008CF757 /* VideoListViewController.swift in Sources */,
				92903BAB20B8828C003F9093 /* TextNode.swift in Sources */,
				92DA8CA120B7B27B00BE7801 /* String+Additions.swift in Sources */,
				923F854E20B9B19F00741242 /* LicenseViewController.swift in Sources */,
				926A420E20B4CCEF005D9CC6 /* MenuViewController.swift in Sources */,
				9244C45A20B5B07C00CB3213 /* SubscribtionListViewController.swift in Sources */,
				9244C45E20B5D44C00CB3213 /* VideoEntryList.swift in Sources */,
				92DA8CA320B7B79600BE7801 /* UIViewController+Additions.swift in Sources */,
				92DA8CA720B858CB00BE7801 /* DownloadCellNode.swift in Sources */,
				92903BAD20B882F3003F9093 /* UIColor+Additions.swift in Sources */,
				92EFFF6C20B65C26007E890D /* DownloadListViewController.swift in Sources */,
				92F697C220B45EF5008CF757 /* AppDelegate.swift in Sources */,
				926A420A20B4C646005D9CC6 /* EntryObject.swift in Sources */,
				9244C45820B515CC00CB3213 /* SubscribedChannel.swift in Sources */,
				923F855720B9C45B00741242 /* Settings.swift in Sources */,
				92EFFF6120B5EF52007E890D /* Notifications.swift in Sources */,
				92DA8CA520B856B600BE7801 /* VideoListViewController+GestureActions.swift in Sources */,
				92EFFF5F20B5EE7E007E890D /* VideoQuality.swift in Sources */,
				92F697D420B49C09008CF757 /* Network.swift in Sources */,
				926A420C20B4C6BB005D9CC6 /* AuthorObject.swift in Sources */,
			);
			runOnlyForDeploymentPostprocessing = 0;
		};
/* End PBXSourcesBuildPhase section */

/* Begin PBXVariantGroup section */
		92F697CA20B45EF6008CF757 /* LaunchScreen.storyboard */ = {
			isa = PBXVariantGroup;
			children = (
				92F697CB20B45EF6008CF757 /* Base */,
			);
			name = LaunchScreen.storyboard;
			sourceTree = "<group>";
		};
/* End PBXVariantGroup section */

/* Begin XCBuildConfiguration section */
		92F697CE20B45EF6008CF757 /* Debug */ = {
			isa = XCBuildConfiguration;
			buildSettings = {
				ALWAYS_SEARCH_USER_PATHS = NO;
				CLANG_ANALYZER_NONNULL = YES;
				CLANG_ANALYZER_NUMBER_OBJECT_CONVERSION = YES_AGGRESSIVE;
				CLANG_CXX_LANGUAGE_STANDARD = "gnu++14";
				CLANG_CXX_LIBRARY = "libc++";
				CLANG_ENABLE_MODULES = YES;
				CLANG_ENABLE_OBJC_ARC = YES;
				CLANG_ENABLE_OBJC_WEAK = YES;
				CLANG_WARN_BLOCK_CAPTURE_AUTORELEASING = YES;
				CLANG_WARN_BOOL_CONVERSION = YES;
				CLANG_WARN_COMMA = YES;
				CLANG_WARN_CONSTANT_CONVERSION = YES;
				CLANG_WARN_DEPRECATED_OBJC_IMPLEMENTATIONS = YES;
				CLANG_WARN_DIRECT_OBJC_ISA_USAGE = YES_ERROR;
				CLANG_WARN_DOCUMENTATION_COMMENTS = YES;
				CLANG_WARN_EMPTY_BODY = YES;
				CLANG_WARN_ENUM_CONVERSION = YES;
				CLANG_WARN_INFINITE_RECURSION = YES;
				CLANG_WARN_INT_CONVERSION = YES;
				CLANG_WARN_NON_LITERAL_NULL_CONVERSION = YES;
				CLANG_WARN_OBJC_IMPLICIT_RETAIN_SELF = YES;
				CLANG_WARN_OBJC_LITERAL_CONVERSION = YES;
				CLANG_WARN_OBJC_ROOT_CLASS = YES_ERROR;
				CLANG_WARN_RANGE_LOOP_ANALYSIS = YES;
				CLANG_WARN_STRICT_PROTOTYPES = YES;
				CLANG_WARN_SUSPICIOUS_MOVE = YES;
				CLANG_WARN_UNGUARDED_AVAILABILITY = YES_AGGRESSIVE;
				CLANG_WARN_UNREACHABLE_CODE = YES;
				CLANG_WARN__DUPLICATE_METHOD_MATCH = YES;
				CODE_SIGN_IDENTITY = "iPhone Developer";
				COPY_PHASE_STRIP = NO;
				DEBUG_INFORMATION_FORMAT = dwarf;
				ENABLE_STRICT_OBJC_MSGSEND = YES;
				ENABLE_TESTABILITY = YES;
				GCC_C_LANGUAGE_STANDARD = gnu11;
				GCC_DYNAMIC_NO_PIC = NO;
				GCC_NO_COMMON_BLOCKS = YES;
				GCC_OPTIMIZATION_LEVEL = 0;
				GCC_PREPROCESSOR_DEFINITIONS = (
					"DEBUG=1",
					"$(inherited)",
				);
				GCC_WARN_64_TO_32_BIT_CONVERSION = YES;
				GCC_WARN_ABOUT_RETURN_TYPE = YES_ERROR;
				GCC_WARN_UNDECLARED_SELECTOR = YES;
				GCC_WARN_UNINITIALIZED_AUTOS = YES_AGGRESSIVE;
				GCC_WARN_UNUSED_FUNCTION = YES;
				GCC_WARN_UNUSED_VARIABLE = YES;
				IPHONEOS_DEPLOYMENT_TARGET = 11.3;
				MTL_ENABLE_DEBUG_INFO = YES;
				ONLY_ACTIVE_ARCH = YES;
				SDKROOT = iphoneos;
				SWIFT_ACTIVE_COMPILATION_CONDITIONS = DEBUG;
				SWIFT_OPTIMIZATION_LEVEL = "-Onone";
			};
			name = Debug;
		};
		92F697CF20B45EF6008CF757 /* Release */ = {
			isa = XCBuildConfiguration;
			buildSettings = {
				ALWAYS_SEARCH_USER_PATHS = NO;
				CLANG_ANALYZER_NONNULL = YES;
				CLANG_ANALYZER_NUMBER_OBJECT_CONVERSION = YES_AGGRESSIVE;
				CLANG_CXX_LANGUAGE_STANDARD = "gnu++14";
				CLANG_CXX_LIBRARY = "libc++";
				CLANG_ENABLE_MODULES = YES;
				CLANG_ENABLE_OBJC_ARC = YES;
				CLANG_ENABLE_OBJC_WEAK = YES;
				CLANG_WARN_BLOCK_CAPTURE_AUTORELEASING = YES;
				CLANG_WARN_BOOL_CONVERSION = YES;
				CLANG_WARN_COMMA = YES;
				CLANG_WARN_CONSTANT_CONVERSION = YES;
				CLANG_WARN_DEPRECATED_OBJC_IMPLEMENTATIONS = YES;
				CLANG_WARN_DIRECT_OBJC_ISA_USAGE = YES_ERROR;
				CLANG_WARN_DOCUMENTATION_COMMENTS = YES;
				CLANG_WARN_EMPTY_BODY = YES;
				CLANG_WARN_ENUM_CONVERSION = YES;
				CLANG_WARN_INFINITE_RECURSION = YES;
				CLANG_WARN_INT_CONVERSION = YES;
				CLANG_WARN_NON_LITERAL_NULL_CONVERSION = YES;
				CLANG_WARN_OBJC_IMPLICIT_RETAIN_SELF = YES;
				CLANG_WARN_OBJC_LITERAL_CONVERSION = YES;
				CLANG_WARN_OBJC_ROOT_CLASS = YES_ERROR;
				CLANG_WARN_RANGE_LOOP_ANALYSIS = YES;
				CLANG_WARN_STRICT_PROTOTYPES = YES;
				CLANG_WARN_SUSPICIOUS_MOVE = YES;
				CLANG_WARN_UNGUARDED_AVAILABILITY = YES_AGGRESSIVE;
				CLANG_WARN_UNREACHABLE_CODE = YES;
				CLANG_WARN__DUPLICATE_METHOD_MATCH = YES;
				CODE_SIGN_IDENTITY = "iPhone Developer";
				COPY_PHASE_STRIP = NO;
				DEBUG_INFORMATION_FORMAT = "dwarf-with-dsym";
				ENABLE_NS_ASSERTIONS = NO;
				ENABLE_STRICT_OBJC_MSGSEND = YES;
				GCC_C_LANGUAGE_STANDARD = gnu11;
				GCC_NO_COMMON_BLOCKS = YES;
				GCC_WARN_64_TO_32_BIT_CONVERSION = YES;
				GCC_WARN_ABOUT_RETURN_TYPE = YES_ERROR;
				GCC_WARN_UNDECLARED_SELECTOR = YES;
				GCC_WARN_UNINITIALIZED_AUTOS = YES_AGGRESSIVE;
				GCC_WARN_UNUSED_FUNCTION = YES;
				GCC_WARN_UNUSED_VARIABLE = YES;
				IPHONEOS_DEPLOYMENT_TARGET = 11.3;
				MTL_ENABLE_DEBUG_INFO = NO;
				SDKROOT = iphoneos;
				SWIFT_COMPILATION_MODE = wholemodule;
				SWIFT_OPTIMIZATION_LEVEL = "-O";
				VALIDATE_PRODUCT = YES;
			};
			name = Release;
		};
		92F697D120B45EF6008CF757 /* Debug */ = {
			isa = XCBuildConfiguration;
			baseConfigurationReference = 923F856620BA162C00741242 /* BaseConfig.xcconfig */;
			buildSettings = {
				ASSETCATALOG_COMPILER_APPICON_NAME = AppIcon;
				CODE_SIGN_STYLE = Automatic;
				DEVELOPMENT_TEAM = "${DEVELOPMENT_TEAM}";
				INFOPLIST_FILE = "$(SRCROOT)/OpenTube/Application/Info.plist";
				LD_RUNPATH_SEARCH_PATHS = (
					"$(inherited)",
					"@executable_path/Frameworks",
				);
				PRODUCT_BUNDLE_IDENTIFIER = "$(CUSTOM_BUNDLE_ID)";
				PRODUCT_NAME = "$(TARGET_NAME)";
				SWIFT_VERSION = 4.0;
				TARGETED_DEVICE_FAMILY = "1,2";
			};
			name = Debug;
		};
		92F697D220B45EF6008CF757 /* Release */ = {
			isa = XCBuildConfiguration;
			baseConfigurationReference = 0D16BA2AE470EFE284108D7A /* Pods-OpenTube.release.xcconfig */;
			buildSettings = {
				ASSETCATALOG_COMPILER_APPICON_NAME = AppIcon;
				CODE_SIGN_STYLE = Automatic;
				DEVELOPMENT_TEAM = "";
				INFOPLIST_FILE = "$(SRCROOT)/OpenTube/Application/Info.plist";
				LD_RUNPATH_SEARCH_PATHS = (
					"$(inherited)",
					"@executable_path/Frameworks",
				);
				PRODUCT_BUNDLE_IDENTIFIER = "$(CUSTOM_BUNDLE_ID)";
				PRODUCT_NAME = "$(TARGET_NAME)";
				SWIFT_VERSION = 4.0;
				TARGETED_DEVICE_FAMILY = "1,2";
			};
			name = Release;
		};
/* End XCBuildConfiguration section */

/* Begin XCConfigurationList section */
		92F697B920B45EF5008CF757 /* Build configuration list for PBXProject "OpenTube" */ = {
			isa = XCConfigurationList;
			buildConfigurations = (
				92F697CE20B45EF6008CF757 /* Debug */,
				92F697CF20B45EF6008CF757 /* Release */,
			);
			defaultConfigurationIsVisible = 0;
			defaultConfigurationName = Release;
		};
		92F697D020B45EF6008CF757 /* Build configuration list for PBXNativeTarget "OpenTube" */ = {
			isa = XCConfigurationList;
			buildConfigurations = (
				92F697D120B45EF6008CF757 /* Debug */,
				92F697D220B45EF6008CF757 /* Release */,
			);
			defaultConfigurationIsVisible = 0;
			defaultConfigurationName = Release;
		};
/* End XCConfigurationList section */
	};
	rootObject = 92F697B620B45EF5008CF757 /* Project object */;
}
